
Microsoft Visual Studio Solution File, Format Version 12.00
# Visual Studio Version 16
VisualStudioVersion = 16.0.32929.386
MinimumVisualStudioVersion = 10.0.40219.1
Project("{9A19103F-16F7-4668-BE54-9A1E7A4F7556}") = "ObrabotkanaMasiv", "ObrabotkanaMasiv\ObrabotkanaMasiv.csproj", "{829F32C7-BE0F-4182-BCE7-69720B92CE93}"
EndProject
Project("{FAE04EC0-301F-11D3-BF4B-00C04F79EFBC}") = "Zadacha2", "Zadacha2\Zadacha2.csproj", "{C1A84B6F-2F48-4D15-BB1F-AD1D6CB48FC9}"
EndProject
Global
	GlobalSection(SolutionConfigurationPlatforms) = preSolution
		Debug|Any CPU = Debug|Any CPU
		Release|Any CPU = Release|Any CPU
	EndGlobalSection
	GlobalSection(ProjectConfigurationPlatforms) = postSolution
		{829F32C7-BE0F-4182-BCE7-69720B92CE93}.Debug|Any CPU.ActiveCfg = Debug|Any CPU
		{829F32C7-BE0F-4182-BCE7-69720B92CE93}.Debug|Any CPU.Build.0 = Debug|Any CPU
		{829F32C7-BE0F-4182-BCE7-69720B92CE93}.Release|Any CPU.ActiveCfg = Release|Any CPU
		{829F32C7-BE0F-4182-BCE7-69720B92CE93}.Release|Any CPU.Build.0 = Release|Any CPU
		{C1A84B6F-2F48-4D15-BB1F-AD1D6CB48FC9}.Debug|Any CPU.ActiveCfg = Debug|Any CPU
		{C1A84B6F-2F48-4D15-BB1F-AD1D6CB48FC9}.Debug|Any CPU.Build.0 = Debug|Any CPU
		{C1A84B6F-2F48-4D15-BB1F-AD1D6CB48FC9}.Release|Any CPU.ActiveCfg = Release|Any CPU
		{C1A84B6F-2F48-4D15-BB1F-AD1D6CB48FC9}.Release|Any CPU.Build.0 = Release|Any CPU
	EndGlobalSection
	GlobalSection(SolutionProperties) = preSolution
		HideSolutionNode = FALSE
	EndGlobalSection
	GlobalSection(ExtensibilityGlobals) = postSolution
		SolutionGuid = {19F9B88C-86AD-4470-9483-9785AB44F81A}
	EndGlobalSection
EndGlobal
